
Microsoft Visual Studio Solution File, Format Version 12.00
# Visual Studio Version 17
VisualStudioVersion = 17.4.33110.190
MinimumVisualStudioVersion = 10.0.40219.1
Project("{FAE04EC0-301F-11D3-BF4B-00C04F79EFBC}") = "PetNameGenerator", "PetNameGenerator\PetNameGenerator.csproj", "{9A131E9B-BCC0-4E48-87A4-1260310B364F}"
EndProject
Global
	GlobalSection(SolutionConfigurationPlatforms) = preSolution
		Debug|Any CPU = Debug|Any CPU
		Release|Any CPU = Release|Any CPU
	EndGlobalSection
	GlobalSection(ProjectConfigurationPlatforms) = postSolution
		{9A131E9B-BCC0-4E48-87A4-1260310B364F}.Debug|Any CPU.ActiveCfg = Debug|Any CPU
		{9A131E9B-BCC0-4E48-87A4-1260310B364F}.Debug|Any CPU.Build.0 = Debug|Any CPU
		{9A131E9B-BCC0-4E48-87A4-1260310B364F}.Release|Any CPU.ActiveCfg = Release|Any CPU
		{9A131E9B-BCC0-4E48-87A4-1260310B364F}.Release|Any CPU.Build.0 = Release|Any CPU
	EndGlobalSection
	GlobalSection(SolutionProperties) = preSolution
		HideSolutionNode = FALSE
	EndGlobalSection
	GlobalSection(ExtensibilityGlobals) = postSolution
		SolutionGuid = {30F4F9EB-DB00-48A1-B5B0-81A6FC039488}
	EndGlobalSection
EndGlobal
